
Microsoft Visual Studio Solution File, Format Version 12.00
# Visual Studio 15
VisualStudioVersion = 15.0.28307.329
MinimumVisualStudioVersion = 10.0.40219.1
Project("{8BC9CEB8-8B4A-11D0-8D11-00A0C91BC942}") = "Factorial", "Factorial\Factorial.vcxproj", "{22107CD6-FEA8-476C-BE3B-FD151B5F4119}"
EndProject
Project("{8BC9CEB8-8B4A-11D0-8D11-00A0C91BC942}") = "PrimeNums", "PrimeNums\PrimeNums.vcxproj", "{99F4405A-5188-4C13-A93B-59FDEA5E7440}"
EndProject
Project("{8BC9CEB8-8B4A-11D0-8D11-00A0C91BC942}") = "ReverseNumber", "ReverseNumber\ReverseNumber.vcxproj", "{79F8768E-C19E-4CB3-B183-F053B0C42A2E}"
EndProject
Project("{8BC9CEB8-8B4A-11D0-8D11-00A0C91BC942}") = "test", "test\test.vcxproj", "{35430ED7-BE71-4B98-A9F1-18ECF214361D}"
EndProject
Global
	GlobalSection(SolutionConfigurationPlatforms) = preSolution
		Debug|x64 = Debug|x64
		Debug|x86 = Debug|x86
		Release|x64 = Release|x64
		Release|x86 = Release|x86
	EndGlobalSection
	GlobalSection(ProjectConfigurationPlatforms) = postSolution
		{22107CD6-FEA8-476C-BE3B-FD151B5F4119}.Debug|x64.ActiveCfg = Debug|x64
		{22107CD6-FEA8-476C-BE3B-FD151B5F4119}.Debug|x64.Build.0 = Debug|x64
		{22107CD6-FEA8-476C-BE3B-FD151B5F4119}.Debug|x86.ActiveCfg = Debug|Win32
		{22107CD6-FEA8-476C-BE3B-FD151B5F4119}.Debug|x86.Build.0 = Debug|Win32
		{22107CD6-FEA8-476C-BE3B-FD151B5F4119}.Release|x64.ActiveCfg = Release|x64
		{22107CD6-FEA8-476C-BE3B-FD151B5F4119}.Release|x64.Build.0 = Release|x64
		{22107CD6-FEA8-476C-BE3B-FD151B5F4119}.Release|x86.ActiveCfg = Release|Win32
		{22107CD6-FEA8-476C-BE3B-FD151B5F4119}.Release|x86.Build.0 = Release|Win32
		{99F4405A-5188-4C13-A93B-59FDEA5E7440}.Debug|x64.ActiveCfg = Debug|x64
		{99F4405A-5188-4C13-A93B-59FDEA5E7440}.Debug|x64.Build.0 = Debug|x64
		{99F4405A-5188-4C13-A93B-59FDEA5E7440}.Debug|x86.ActiveCfg = Debug|Win32
		{99F4405A-5188-4C13-A93B-59FDEA5E7440}.Debug|x86.Build.0 = Debug|Win32
		{99F4405A-5188-4C13-A93B-59FDEA5E7440}.Release|x64.ActiveCfg = Release|x64
		{99F4405A-5188-4C13-A93B-59FDEA5E7440}.Release|x64.Build.0 = Release|x64
		{99F4405A-5188-4C13-A93B-59FDEA5E7440}.Release|x86.ActiveCfg = Release|Win32
		{99F4405A-5188-4C13-A93B-59FDEA5E7440}.Release|x86.Build.0 = Release|Win32
		{79F8768E-C19E-4CB3-B183-F053B0C42A2E}.Debug|x64.ActiveCfg = Debug|x64
		{79F8768E-C19E-4CB3-B183-F053B0C42A2E}.Debug|x64.Build.0 = Debug|x64
		{79F8768E-C19E-4CB3-B183-F053B0C42A2E}.Debug|x86.ActiveCfg = Debug|Win32
		{79F8768E-C19E-4CB3-B183-F053B0C42A2E}.Debug|x86.Build.0 = Debug|Win32
		{79F8768E-C19E-4CB3-B183-F053B0C42A2E}.Release|x64.ActiveCfg = Release|x64
		{79F8768E-C19E-4CB3-B183-F053B0C42A2E}.Release|x64.Build.0 = Release|x64
		{79F8768E-C19E-4CB3-B183-F053B0C42A2E}.Release|x86.ActiveCfg = Release|Win32
		{79F8768E-C19E-4CB3-B183-F053B0C42A2E}.Release|x86.Build.0 = Release|Win32
		{35430ED7-BE71-4B98-A9F1-18ECF214361D}.Debug|x64.ActiveCfg = Debug|x64
		{35430ED7-BE71-4B98-A9F1-18ECF214361D}.Debug|x64.Build.0 = Debug|x64
		{35430ED7-BE71-4B98-A9F1-18ECF214361D}.Debug|x86.ActiveCfg = Debug|Win32
		{35430ED7-BE71-4B98-A9F1-18ECF214361D}.Debug|x86.Build.0 = Debug|Win32
		{35430ED7-BE71-4B98-A9F1-18ECF214361D}.Release|x64.ActiveCfg = Release|x64
		{35430ED7-BE71-4B98-A9F1-18ECF214361D}.Release|x64.Build.0 = Release|x64
		{35430ED7-BE71-4B98-A9F1-18ECF214361D}.Release|x86.ActiveCfg = Release|Win32
		{35430ED7-BE71-4B98-A9F1-18ECF214361D}.Release|x86.Build.0 = Release|Win32
	EndGlobalSection
	GlobalSection(SolutionProperties) = preSolution
		HideSolutionNode = FALSE
	EndGlobalSection
	GlobalSection(ExtensibilityGlobals) = postSolution
		SolutionGuid = {37AE4ED8-E7FA-4EC6-B776-BF76A45053B0}
	EndGlobalSection
EndGlobal
