
Microsoft Visual Studio Solution File, Format Version 12.00
# Visual Studio 15
VisualStudioVersion = 15.0.28307.329
MinimumVisualStudioVersion = 10.0.40219.1
Project("{8BC9CEB8-8B4A-11D0-8D11-00A0C91BC942}") = "CountE's-3", "CountE's-3\CountE's-3.vcxproj", "{259B7E0F-C777-4087-A781-311C1A358587}"
EndProject
Project("{8BC9CEB8-8B4A-11D0-8D11-00A0C91BC942}") = "CaseConverter", "CaseConverter\CaseConverter.vcxproj", "{91296BC9-438B-4E5E-90D8-3718BE942E53}"
EndProject
Project("{8BC9CEB8-8B4A-11D0-8D11-00A0C91BC942}") = "StringRev-6", "StringRev-6\StringRev-6.vcxproj", "{B442D65A-C491-4FB9-959D-2898F8736D15}"
EndProject
Project("{8BC9CEB8-8B4A-11D0-8D11-00A0C91BC942}") = "DisplayArrOfPointers-8", "DisplayArrOfPointers-8\DisplayArrOfPointers-8.vcxproj", "{9EE72961-B174-45B2-B0BD-5FA5965969F5}"
EndProject
Project("{8BC9CEB8-8B4A-11D0-8D11-00A0C91BC942}") = "StringPointerAnalysis-1", "StringPointerAnalysis-1\StringPointerAnalysis-1.vcxproj", "{3872B230-745A-4686-A378-26F6F6BE5A1A}"
EndProject
Global
	GlobalSection(SolutionConfigurationPlatforms) = preSolution
		Debug|x64 = Debug|x64
		Debug|x86 = Debug|x86
		Release|x64 = Release|x64
		Release|x86 = Release|x86
	EndGlobalSection
	GlobalSection(ProjectConfigurationPlatforms) = postSolution
		{259B7E0F-C777-4087-A781-311C1A358587}.Debug|x64.ActiveCfg = Debug|x64
		{259B7E0F-C777-4087-A781-311C1A358587}.Debug|x64.Build.0 = Debug|x64
		{259B7E0F-C777-4087-A781-311C1A358587}.Debug|x86.ActiveCfg = Debug|Win32
		{259B7E0F-C777-4087-A781-311C1A358587}.Debug|x86.Build.0 = Debug|Win32
		{259B7E0F-C777-4087-A781-311C1A358587}.Release|x64.ActiveCfg = Release|x64
		{259B7E0F-C777-4087-A781-311C1A358587}.Release|x64.Build.0 = Release|x64
		{259B7E0F-C777-4087-A781-311C1A358587}.Release|x86.ActiveCfg = Release|Win32
		{259B7E0F-C777-4087-A781-311C1A358587}.Release|x86.Build.0 = Release|Win32
		{91296BC9-438B-4E5E-90D8-3718BE942E53}.Debug|x64.ActiveCfg = Debug|x64
		{91296BC9-438B-4E5E-90D8-3718BE942E53}.Debug|x64.Build.0 = Debug|x64
		{91296BC9-438B-4E5E-90D8-3718BE942E53}.Debug|x86.ActiveCfg = Debug|Win32
		{91296BC9-438B-4E5E-90D8-3718BE942E53}.Debug|x86.Build.0 = Debug|Win32
		{91296BC9-438B-4E5E-90D8-3718BE942E53}.Release|x64.ActiveCfg = Release|x64
		{91296BC9-438B-4E5E-90D8-3718BE942E53}.Release|x64.Build.0 = Release|x64
		{91296BC9-438B-4E5E-90D8-3718BE942E53}.Release|x86.ActiveCfg = Release|Win32
		{91296BC9-438B-4E5E-90D8-3718BE942E53}.Release|x86.Build.0 = Release|Win32
		{B442D65A-C491-4FB9-959D-2898F8736D15}.Debug|x64.ActiveCfg = Debug|x64
		{B442D65A-C491-4FB9-959D-2898F8736D15}.Debug|x64.Build.0 = Debug|x64
		{B442D65A-C491-4FB9-959D-2898F8736D15}.Debug|x86.ActiveCfg = Debug|Win32
		{B442D65A-C491-4FB9-959D-2898F8736D15}.Debug|x86.Build.0 = Debug|Win32
		{B442D65A-C491-4FB9-959D-2898F8736D15}.Release|x64.ActiveCfg = Release|x64
		{B442D65A-C491-4FB9-959D-2898F8736D15}.Release|x64.Build.0 = Release|x64
		{B442D65A-C491-4FB9-959D-2898F8736D15}.Release|x86.ActiveCfg = Release|Win32
		{B442D65A-C491-4FB9-959D-2898F8736D15}.Release|x86.Build.0 = Release|Win32
		{9EE72961-B174-45B2-B0BD-5FA5965969F5}.Debug|x64.ActiveCfg = Debug|x64
		{9EE72961-B174-45B2-B0BD-5FA5965969F5}.Debug|x64.Build.0 = Debug|x64
		{9EE72961-B174-45B2-B0BD-5FA5965969F5}.Debug|x86.ActiveCfg = Debug|Win32
		{9EE72961-B174-45B2-B0BD-5FA5965969F5}.Debug|x86.Build.0 = Debug|Win32
		{9EE72961-B174-45B2-B0BD-5FA5965969F5}.Release|x64.ActiveCfg = Release|x64
		{9EE72961-B174-45B2-B0BD-5FA5965969F5}.Release|x64.Build.0 = Release|x64
		{9EE72961-B174-45B2-B0BD-5FA5965969F5}.Release|x86.ActiveCfg = Release|Win32
		{9EE72961-B174-45B2-B0BD-5FA5965969F5}.Release|x86.Build.0 = Release|Win32
		{3872B230-745A-4686-A378-26F6F6BE5A1A}.Debug|x64.ActiveCfg = Debug|x64
		{3872B230-745A-4686-A378-26F6F6BE5A1A}.Debug|x64.Build.0 = Debug|x64
		{3872B230-745A-4686-A378-26F6F6BE5A1A}.Debug|x86.ActiveCfg = Debug|Win32
		{3872B230-745A-4686-A378-26F6F6BE5A1A}.Debug|x86.Build.0 = Debug|Win32
		{3872B230-745A-4686-A378-26F6F6BE5A1A}.Release|x64.ActiveCfg = Release|x64
		{3872B230-745A-4686-A378-26F6F6BE5A1A}.Release|x64.Build.0 = Release|x64
		{3872B230-745A-4686-A378-26F6F6BE5A1A}.Release|x86.ActiveCfg = Release|Win32
		{3872B230-745A-4686-A378-26F6F6BE5A1A}.Release|x86.Build.0 = Release|Win32
	EndGlobalSection
	GlobalSection(SolutionProperties) = preSolution
		HideSolutionNode = FALSE
	EndGlobalSection
	GlobalSection(ExtensibilityGlobals) = postSolution
		SolutionGuid = {337199AE-979E-4988-B28A-6BD1978A94B6}
	EndGlobalSection
EndGlobal
