
Microsoft Visual Studio Solution File, Format Version 12.00
# Visual Studio 15
VisualStudioVersion = 15.0.28307.329
MinimumVisualStudioVersion = 10.0.40219.1
Project("{8BC9CEB8-8B4A-11D0-8D11-00A0C91BC942}") = "Stack", "Stack\Stack.vcxproj", "{7B03F93B-CA0C-4134-B1F6-BF5880B6A24F}"
EndProject
Project("{8BC9CEB8-8B4A-11D0-8D11-00A0C91BC942}") = "BalancedParanthesis", "BalancedParanthesis\BalancedParanthesis.vcxproj", "{CF34296A-F224-4C01-9892-11985B304AD1}"
EndProject
Project("{8BC9CEB8-8B4A-11D0-8D11-00A0C91BC942}") = "InfixToPostfix", "InfixToPostfix\InfixToPostfix.vcxproj", "{4E0E9A4F-B650-4A55-BC00-33E60F819C93}"
EndProject
Project("{8BC9CEB8-8B4A-11D0-8D11-00A0C91BC942}") = "PostfixEvaluation", "PostfixEvaluation\PostfixEvaluation.vcxproj", "{8F9B291E-4680-494C-9C9B-25961A00A69F}"
EndProject
Project("{8BC9CEB8-8B4A-11D0-8D11-00A0C91BC942}") = "Queue", "Queue\Queue.vcxproj", "{D5A594FB-CC48-4B56-96A0-D31D982FCFD3}"
EndProject
Project("{8BC9CEB8-8B4A-11D0-8D11-00A0C91BC942}") = "CircularQueue", "CircularQueue\CircularQueue.vcxproj", "{1FE25289-62FA-49F2-9A77-439BAB276BBC}"
EndProject
Project("{8BC9CEB8-8B4A-11D0-8D11-00A0C91BC942}") = "LinkedLists", "LinkedLists\LinkedLists.vcxproj", "{1CE07479-0066-4B68-B963-91A7FD208246}"
EndProject
Project("{8BC9CEB8-8B4A-11D0-8D11-00A0C91BC942}") = "DoubleLinkedList", "DoubleLinkedList\DoubleLinkedList.vcxproj", "{82C109B4-8FED-4F6D-9F91-F5A09AA14372}"
EndProject
Project("{8BC9CEB8-8B4A-11D0-8D11-00A0C91BC942}") = "StackUsingLinkedList", "StackUsingLinkedList\StackUsingLinkedList.vcxproj", "{4968EE9C-71E0-4FE8-A5CC-29AFE3C978FB}"
EndProject
Project("{8BC9CEB8-8B4A-11D0-8D11-00A0C91BC942}") = "MergeSort", "MergeSort\MergeSort.vcxproj", "{23E58F29-B9AF-4C5F-81C9-DE3B07F42A4C}"
EndProject
Project("{8BC9CEB8-8B4A-11D0-8D11-00A0C91BC942}") = "MergingLinkedLists", "MergingLinkedLists\MergingLinkedLists.vcxproj", "{6AA4CAA7-CE3B-4BDF-8DCF-D086E1FEC435}"
EndProject
Global
	GlobalSection(SolutionConfigurationPlatforms) = preSolution
		Debug|x64 = Debug|x64
		Debug|x86 = Debug|x86
		Release|x64 = Release|x64
		Release|x86 = Release|x86
	EndGlobalSection
	GlobalSection(ProjectConfigurationPlatforms) = postSolution
		{7B03F93B-CA0C-4134-B1F6-BF5880B6A24F}.Debug|x64.ActiveCfg = Debug|x64
		{7B03F93B-CA0C-4134-B1F6-BF5880B6A24F}.Debug|x64.Build.0 = Debug|x64
		{7B03F93B-CA0C-4134-B1F6-BF5880B6A24F}.Debug|x86.ActiveCfg = Debug|Win32
		{7B03F93B-CA0C-4134-B1F6-BF5880B6A24F}.Debug|x86.Build.0 = Debug|Win32
		{7B03F93B-CA0C-4134-B1F6-BF5880B6A24F}.Release|x64.ActiveCfg = Release|x64
		{7B03F93B-CA0C-4134-B1F6-BF5880B6A24F}.Release|x64.Build.0 = Release|x64
		{7B03F93B-CA0C-4134-B1F6-BF5880B6A24F}.Release|x86.ActiveCfg = Release|Win32
		{7B03F93B-CA0C-4134-B1F6-BF5880B6A24F}.Release|x86.Build.0 = Release|Win32
		{CF34296A-F224-4C01-9892-11985B304AD1}.Debug|x64.ActiveCfg = Debug|x64
		{CF34296A-F224-4C01-9892-11985B304AD1}.Debug|x64.Build.0 = Debug|x64
		{CF34296A-F224-4C01-9892-11985B304AD1}.Debug|x86.ActiveCfg = Debug|Win32
		{CF34296A-F224-4C01-9892-11985B304AD1}.Debug|x86.Build.0 = Debug|Win32
		{CF34296A-F224-4C01-9892-11985B304AD1}.Release|x64.ActiveCfg = Release|x64
		{CF34296A-F224-4C01-9892-11985B304AD1}.Release|x64.Build.0 = Release|x64
		{CF34296A-F224-4C01-9892-11985B304AD1}.Release|x86.ActiveCfg = Release|Win32
		{CF34296A-F224-4C01-9892-11985B304AD1}.Release|x86.Build.0 = Release|Win32
		{4E0E9A4F-B650-4A55-BC00-33E60F819C93}.Debug|x64.ActiveCfg = Debug|x64
		{4E0E9A4F-B650-4A55-BC00-33E60F819C93}.Debug|x64.Build.0 = Debug|x64
		{4E0E9A4F-B650-4A55-BC00-33E60F819C93}.Debug|x86.ActiveCfg = Debug|Win32
		{4E0E9A4F-B650-4A55-BC00-33E60F819C93}.Debug|x86.Build.0 = Debug|Win32
		{4E0E9A4F-B650-4A55-BC00-33E60F819C93}.Release|x64.ActiveCfg = Release|x64
		{4E0E9A4F-B650-4A55-BC00-33E60F819C93}.Release|x64.Build.0 = Release|x64
		{4E0E9A4F-B650-4A55-BC00-33E60F819C93}.Release|x86.ActiveCfg = Release|Win32
		{4E0E9A4F-B650-4A55-BC00-33E60F819C93}.Release|x86.Build.0 = Release|Win32
		{8F9B291E-4680-494C-9C9B-25961A00A69F}.Debug|x64.ActiveCfg = Debug|x64
		{8F9B291E-4680-494C-9C9B-25961A00A69F}.Debug|x64.Build.0 = Debug|x64
		{8F9B291E-4680-494C-9C9B-25961A00A69F}.Debug|x86.ActiveCfg = Debug|Win32
		{8F9B291E-4680-494C-9C9B-25961A00A69F}.Debug|x86.Build.0 = Debug|Win32
		{8F9B291E-4680-494C-9C9B-25961A00A69F}.Release|x64.ActiveCfg = Release|x64
		{8F9B291E-4680-494C-9C9B-25961A00A69F}.Release|x64.Build.0 = Release|x64
		{8F9B291E-4680-494C-9C9B-25961A00A69F}.Release|x86.ActiveCfg = Release|Win32
		{8F9B291E-4680-494C-9C9B-25961A00A69F}.Release|x86.Build.0 = Release|Win32
		{D5A594FB-CC48-4B56-96A0-D31D982FCFD3}.Debug|x64.ActiveCfg = Debug|x64
		{D5A594FB-CC48-4B56-96A0-D31D982FCFD3}.Debug|x64.Build.0 = Debug|x64
		{D5A594FB-CC48-4B56-96A0-D31D982FCFD3}.Debug|x86.ActiveCfg = Debug|Win32
		{D5A594FB-CC48-4B56-96A0-D31D982FCFD3}.Debug|x86.Build.0 = Debug|Win32
		{D5A594FB-CC48-4B56-96A0-D31D982FCFD3}.Release|x64.ActiveCfg = Release|x64
		{D5A594FB-CC48-4B56-96A0-D31D982FCFD3}.Release|x64.Build.0 = Release|x64
		{D5A594FB-CC48-4B56-96A0-D31D982FCFD3}.Release|x86.ActiveCfg = Release|Win32
		{D5A594FB-CC48-4B56-96A0-D31D982FCFD3}.Release|x86.Build.0 = Release|Win32
		{1FE25289-62FA-49F2-9A77-439BAB276BBC}.Debug|x64.ActiveCfg = Debug|x64
		{1FE25289-62FA-49F2-9A77-439BAB276BBC}.Debug|x64.Build.0 = Debug|x64
		{1FE25289-62FA-49F2-9A77-439BAB276BBC}.Debug|x86.ActiveCfg = Debug|Win32
		{1FE25289-62FA-49F2-9A77-439BAB276BBC}.Debug|x86.Build.0 = Debug|Win32
		{1FE25289-62FA-49F2-9A77-439BAB276BBC}.Release|x64.ActiveCfg = Release|x64
		{1FE25289-62FA-49F2-9A77-439BAB276BBC}.Release|x64.Build.0 = Release|x64
		{1FE25289-62FA-49F2-9A77-439BAB276BBC}.Release|x86.ActiveCfg = Release|Win32
		{1FE25289-62FA-49F2-9A77-439BAB276BBC}.Release|x86.Build.0 = Release|Win32
		{1CE07479-0066-4B68-B963-91A7FD208246}.Debug|x64.ActiveCfg = Debug|x64
		{1CE07479-0066-4B68-B963-91A7FD208246}.Debug|x64.Build.0 = Debug|x64
		{1CE07479-0066-4B68-B963-91A7FD208246}.Debug|x86.ActiveCfg = Debug|Win32
		{1CE07479-0066-4B68-B963-91A7FD208246}.Debug|x86.Build.0 = Debug|Win32
		{1CE07479-0066-4B68-B963-91A7FD208246}.Release|x64.ActiveCfg = Release|x64
		{1CE07479-0066-4B68-B963-91A7FD208246}.Release|x64.Build.0 = Release|x64
		{1CE07479-0066-4B68-B963-91A7FD208246}.Release|x86.ActiveCfg = Release|Win32
		{1CE07479-0066-4B68-B963-91A7FD208246}.Release|x86.Build.0 = Release|Win32
		{82C109B4-8FED-4F6D-9F91-F5A09AA14372}.Debug|x64.ActiveCfg = Debug|x64
		{82C109B4-8FED-4F6D-9F91-F5A09AA14372}.Debug|x64.Build.0 = Debug|x64
		{82C109B4-8FED-4F6D-9F91-F5A09AA14372}.Debug|x86.ActiveCfg = Debug|Win32
		{82C109B4-8FED-4F6D-9F91-F5A09AA14372}.Debug|x86.Build.0 = Debug|Win32
		{82C109B4-8FED-4F6D-9F91-F5A09AA14372}.Release|x64.ActiveCfg = Release|x64
		{82C109B4-8FED-4F6D-9F91-F5A09AA14372}.Release|x64.Build.0 = Release|x64
		{82C109B4-8FED-4F6D-9F91-F5A09AA14372}.Release|x86.ActiveCfg = Release|Win32
		{82C109B4-8FED-4F6D-9F91-F5A09AA14372}.Release|x86.Build.0 = Release|Win32
		{4968EE9C-71E0-4FE8-A5CC-29AFE3C978FB}.Debug|x64.ActiveCfg = Debug|x64
		{4968EE9C-71E0-4FE8-A5CC-29AFE3C978FB}.Debug|x64.Build.0 = Debug|x64
		{4968EE9C-71E0-4FE8-A5CC-29AFE3C978FB}.Debug|x86.ActiveCfg = Debug|Win32
		{4968EE9C-71E0-4FE8-A5CC-29AFE3C978FB}.Debug|x86.Build.0 = Debug|Win32
		{4968EE9C-71E0-4FE8-A5CC-29AFE3C978FB}.Release|x64.ActiveCfg = Release|x64
		{4968EE9C-71E0-4FE8-A5CC-29AFE3C978FB}.Release|x64.Build.0 = Release|x64
		{4968EE9C-71E0-4FE8-A5CC-29AFE3C978FB}.Release|x86.ActiveCfg = Release|Win32
		{4968EE9C-71E0-4FE8-A5CC-29AFE3C978FB}.Release|x86.Build.0 = Release|Win32
		{23E58F29-B9AF-4C5F-81C9-DE3B07F42A4C}.Debug|x64.ActiveCfg = Debug|x64
		{23E58F29-B9AF-4C5F-81C9-DE3B07F42A4C}.Debug|x64.Build.0 = Debug|x64
		{23E58F29-B9AF-4C5F-81C9-DE3B07F42A4C}.Debug|x86.ActiveCfg = Debug|Win32
		{23E58F29-B9AF-4C5F-81C9-DE3B07F42A4C}.Debug|x86.Build.0 = Debug|Win32
		{23E58F29-B9AF-4C5F-81C9-DE3B07F42A4C}.Release|x64.ActiveCfg = Release|x64
		{23E58F29-B9AF-4C5F-81C9-DE3B07F42A4C}.Release|x64.Build.0 = Release|x64
		{23E58F29-B9AF-4C5F-81C9-DE3B07F42A4C}.Release|x86.ActiveCfg = Release|Win32
		{23E58F29-B9AF-4C5F-81C9-DE3B07F42A4C}.Release|x86.Build.0 = Release|Win32
		{6AA4CAA7-CE3B-4BDF-8DCF-D086E1FEC435}.Debug|x64.ActiveCfg = Debug|x64
		{6AA4CAA7-CE3B-4BDF-8DCF-D086E1FEC435}.Debug|x64.Build.0 = Debug|x64
		{6AA4CAA7-CE3B-4BDF-8DCF-D086E1FEC435}.Debug|x86.ActiveCfg = Debug|Win32
		{6AA4CAA7-CE3B-4BDF-8DCF-D086E1FEC435}.Debug|x86.Build.0 = Debug|Win32
		{6AA4CAA7-CE3B-4BDF-8DCF-D086E1FEC435}.Release|x64.ActiveCfg = Release|x64
		{6AA4CAA7-CE3B-4BDF-8DCF-D086E1FEC435}.Release|x64.Build.0 = Release|x64
		{6AA4CAA7-CE3B-4BDF-8DCF-D086E1FEC435}.Release|x86.ActiveCfg = Release|Win32
		{6AA4CAA7-CE3B-4BDF-8DCF-D086E1FEC435}.Release|x86.Build.0 = Release|Win32
	EndGlobalSection
	GlobalSection(SolutionProperties) = preSolution
		HideSolutionNode = FALSE
	EndGlobalSection
	GlobalSection(ExtensibilityGlobals) = postSolution
		SolutionGuid = {0EBF0314-BC6C-4F42-B2B4-82C7D8F59053}
	EndGlobalSection
EndGlobal
