
Microsoft Visual Studio Solution File, Format Version 12.00
# Visual Studio 15
VisualStudioVersion = 15.0.28307.329
MinimumVisualStudioVersion = 10.0.40219.1
Project("{8BC9CEB8-8B4A-11D0-8D11-00A0C91BC942}") = "Calculator", "Calculator\Calculator.vcxproj", "{0AC28AF0-DBED-4AC8-A7B8-500D4E4633A1}"
EndProject
Project("{8BC9CEB8-8B4A-11D0-8D11-00A0C91BC942}") = "StringExpansion", "StringExpansion\StringExpansion.vcxproj", "{068F47EF-81B6-4DDB-94D7-1ABF703E4EB2}"
EndProject
Project("{8BC9CEB8-8B4A-11D0-8D11-00A0C91BC942}") = "StringFunctions", "StringFunctions\StringFunctions.vcxproj", "{09F8D623-4248-4F95-A13D-22C1A7B87E87}"
EndProject
Global
	GlobalSection(SolutionConfigurationPlatforms) = preSolution
		Debug|x64 = Debug|x64
		Debug|x86 = Debug|x86
		Release|x64 = Release|x64
		Release|x86 = Release|x86
	EndGlobalSection
	GlobalSection(ProjectConfigurationPlatforms) = postSolution
		{0AC28AF0-DBED-4AC8-A7B8-500D4E4633A1}.Debug|x64.ActiveCfg = Debug|x64
		{0AC28AF0-DBED-4AC8-A7B8-500D4E4633A1}.Debug|x64.Build.0 = Debug|x64
		{0AC28AF0-DBED-4AC8-A7B8-500D4E4633A1}.Debug|x86.ActiveCfg = Debug|Win32
		{0AC28AF0-DBED-4AC8-A7B8-500D4E4633A1}.Debug|x86.Build.0 = Debug|Win32
		{0AC28AF0-DBED-4AC8-A7B8-500D4E4633A1}.Release|x64.ActiveCfg = Release|x64
		{0AC28AF0-DBED-4AC8-A7B8-500D4E4633A1}.Release|x64.Build.0 = Release|x64
		{0AC28AF0-DBED-4AC8-A7B8-500D4E4633A1}.Release|x86.ActiveCfg = Release|Win32
		{0AC28AF0-DBED-4AC8-A7B8-500D4E4633A1}.Release|x86.Build.0 = Release|Win32
		{068F47EF-81B6-4DDB-94D7-1ABF703E4EB2}.Debug|x64.ActiveCfg = Debug|x64
		{068F47EF-81B6-4DDB-94D7-1ABF703E4EB2}.Debug|x64.Build.0 = Debug|x64
		{068F47EF-81B6-4DDB-94D7-1ABF703E4EB2}.Debug|x86.ActiveCfg = Debug|Win32
		{068F47EF-81B6-4DDB-94D7-1ABF703E4EB2}.Debug|x86.Build.0 = Debug|Win32
		{068F47EF-81B6-4DDB-94D7-1ABF703E4EB2}.Release|x64.ActiveCfg = Release|x64
		{068F47EF-81B6-4DDB-94D7-1ABF703E4EB2}.Release|x64.Build.0 = Release|x64
		{068F47EF-81B6-4DDB-94D7-1ABF703E4EB2}.Release|x86.ActiveCfg = Release|Win32
		{068F47EF-81B6-4DDB-94D7-1ABF703E4EB2}.Release|x86.Build.0 = Release|Win32
		{09F8D623-4248-4F95-A13D-22C1A7B87E87}.Debug|x64.ActiveCfg = Debug|x64
		{09F8D623-4248-4F95-A13D-22C1A7B87E87}.Debug|x64.Build.0 = Debug|x64
		{09F8D623-4248-4F95-A13D-22C1A7B87E87}.Debug|x86.ActiveCfg = Debug|Win32
		{09F8D623-4248-4F95-A13D-22C1A7B87E87}.Debug|x86.Build.0 = Debug|Win32
		{09F8D623-4248-4F95-A13D-22C1A7B87E87}.Release|x64.ActiveCfg = Release|x64
		{09F8D623-4248-4F95-A13D-22C1A7B87E87}.Release|x64.Build.0 = Release|x64
		{09F8D623-4248-4F95-A13D-22C1A7B87E87}.Release|x86.ActiveCfg = Release|Win32
		{09F8D623-4248-4F95-A13D-22C1A7B87E87}.Release|x86.Build.0 = Release|Win32
	EndGlobalSection
	GlobalSection(SolutionProperties) = preSolution
		HideSolutionNode = FALSE
	EndGlobalSection
	GlobalSection(ExtensibilityGlobals) = postSolution
		SolutionGuid = {43D77E79-B6DE-4CBC-85C1-60F19E3C275B}
	EndGlobalSection
EndGlobal
