
Microsoft Visual Studio Solution File, Format Version 12.00
# Visual Studio 15
VisualStudioVersion = 15.0.28307.329
MinimumVisualStudioVersion = 10.0.40219.1
Project("{8BC9CEB8-8B4A-11D0-8D11-00A0C91BC942}") = "SumOfDigits-10", "SumOfDigits-10\SumOfDigits-10.vcxproj", "{EE583ED9-50C1-4DB3-A048-33D6A0B6E438}"
EndProject
Project("{8BC9CEB8-8B4A-11D0-8D11-00A0C91BC942}") = "AmstrongNumber-4", "AmstrongNumber-4\AmstrongNumber-4.vcxproj", "{1BA979A9-7329-405A-80B2-86A290AC41DB}"
EndProject
Project("{8BC9CEB8-8B4A-11D0-8D11-00A0C91BC942}") = "Palindrome", "Palindrome\Palindrome.vcxproj", "{2CE75A68-1AF1-4754-BA11-886EBF189358}"
EndProject
Project("{8BC9CEB8-8B4A-11D0-8D11-00A0C91BC942}") = "Pattern-9", "Pattern-9\Pattern-9.vcxproj", "{01E5DCDA-52E5-4264-9F4F-943B5977BEFF}"
EndProject
Project("{8BC9CEB8-8B4A-11D0-8D11-00A0C91BC942}") = "PositiveInput-7", "PositiveInput-7\PositiveInput-7.vcxproj", "{2294F7E9-958A-47CA-B012-18167580D81B}"
EndProject
Project("{2150E333-8FDC-42A3-9474-1A3956D46DE8}") = "Calculator-1", "Calculator-1", "{4254DA39-E6B9-4AA5-ABB9-D5DE31B5EF70}"
	ProjectSection(SolutionItems) = preProject
		Calculator-1\add.cpp = Calculator-1\add.cpp
		Calculator-1\Calc.exe = Calculator-1\Calc.exe
		Calculator-1\Calculator-1.filters = Calculator-1\Calculator-1.filters
		Calculator-1\Calculator-1.vcxproj = Calculator-1\Calculator-1.vcxproj
		Calculator-1\Calculator-1.vcxproj.user = Calculator-1\Calculator-1.vcxproj.user
		Calculator-1\main.cpp = Calculator-1\main.cpp
		Calculator-1\sub.cpp = Calculator-1\sub.cpp
	EndProjectSection
EndProject
Project("{8BC9CEB8-8B4A-11D0-8D11-00A0C91BC942}") = "RotateInt-12", "RotateInt-12\RotateInt-12.vcxproj", "{ADED2104-7082-447B-8213-58DFF590A5B8}"
EndProject
Project("{8BC9CEB8-8B4A-11D0-8D11-00A0C91BC942}") = "Dec2Bin-6", "Dec2Bin-6\Dec2Bin-6.vcxproj", "{B89BA306-C5BD-498E-9852-0B28ED011425}"
EndProject
Global
	GlobalSection(SolutionConfigurationPlatforms) = preSolution
		Debug|x64 = Debug|x64
		Debug|x86 = Debug|x86
		Release|x64 = Release|x64
		Release|x86 = Release|x86
	EndGlobalSection
	GlobalSection(ProjectConfigurationPlatforms) = postSolution
		{EE583ED9-50C1-4DB3-A048-33D6A0B6E438}.Debug|x64.ActiveCfg = Debug|x64
		{EE583ED9-50C1-4DB3-A048-33D6A0B6E438}.Debug|x64.Build.0 = Debug|x64
		{EE583ED9-50C1-4DB3-A048-33D6A0B6E438}.Debug|x86.ActiveCfg = Debug|Win32
		{EE583ED9-50C1-4DB3-A048-33D6A0B6E438}.Debug|x86.Build.0 = Debug|Win32
		{EE583ED9-50C1-4DB3-A048-33D6A0B6E438}.Release|x64.ActiveCfg = Release|x64
		{EE583ED9-50C1-4DB3-A048-33D6A0B6E438}.Release|x64.Build.0 = Release|x64
		{EE583ED9-50C1-4DB3-A048-33D6A0B6E438}.Release|x86.ActiveCfg = Release|Win32
		{EE583ED9-50C1-4DB3-A048-33D6A0B6E438}.Release|x86.Build.0 = Release|Win32
		{1BA979A9-7329-405A-80B2-86A290AC41DB}.Debug|x64.ActiveCfg = Debug|x64
		{1BA979A9-7329-405A-80B2-86A290AC41DB}.Debug|x64.Build.0 = Debug|x64
		{1BA979A9-7329-405A-80B2-86A290AC41DB}.Debug|x86.ActiveCfg = Debug|Win32
		{1BA979A9-7329-405A-80B2-86A290AC41DB}.Debug|x86.Build.0 = Debug|Win32
		{1BA979A9-7329-405A-80B2-86A290AC41DB}.Release|x64.ActiveCfg = Release|x64
		{1BA979A9-7329-405A-80B2-86A290AC41DB}.Release|x64.Build.0 = Release|x64
		{1BA979A9-7329-405A-80B2-86A290AC41DB}.Release|x86.ActiveCfg = Release|Win32
		{1BA979A9-7329-405A-80B2-86A290AC41DB}.Release|x86.Build.0 = Release|Win32
		{2CE75A68-1AF1-4754-BA11-886EBF189358}.Debug|x64.ActiveCfg = Debug|x64
		{2CE75A68-1AF1-4754-BA11-886EBF189358}.Debug|x64.Build.0 = Debug|x64
		{2CE75A68-1AF1-4754-BA11-886EBF189358}.Debug|x86.ActiveCfg = Debug|Win32
		{2CE75A68-1AF1-4754-BA11-886EBF189358}.Debug|x86.Build.0 = Debug|Win32
		{2CE75A68-1AF1-4754-BA11-886EBF189358}.Release|x64.ActiveCfg = Release|x64
		{2CE75A68-1AF1-4754-BA11-886EBF189358}.Release|x64.Build.0 = Release|x64
		{2CE75A68-1AF1-4754-BA11-886EBF189358}.Release|x86.ActiveCfg = Release|Win32
		{2CE75A68-1AF1-4754-BA11-886EBF189358}.Release|x86.Build.0 = Release|Win32
		{01E5DCDA-52E5-4264-9F4F-943B5977BEFF}.Debug|x64.ActiveCfg = Debug|x64
		{01E5DCDA-52E5-4264-9F4F-943B5977BEFF}.Debug|x64.Build.0 = Debug|x64
		{01E5DCDA-52E5-4264-9F4F-943B5977BEFF}.Debug|x86.ActiveCfg = Debug|Win32
		{01E5DCDA-52E5-4264-9F4F-943B5977BEFF}.Debug|x86.Build.0 = Debug|Win32
		{01E5DCDA-52E5-4264-9F4F-943B5977BEFF}.Release|x64.ActiveCfg = Release|x64
		{01E5DCDA-52E5-4264-9F4F-943B5977BEFF}.Release|x64.Build.0 = Release|x64
		{01E5DCDA-52E5-4264-9F4F-943B5977BEFF}.Release|x86.ActiveCfg = Release|Win32
		{01E5DCDA-52E5-4264-9F4F-943B5977BEFF}.Release|x86.Build.0 = Release|Win32
		{2294F7E9-958A-47CA-B012-18167580D81B}.Debug|x64.ActiveCfg = Debug|x64
		{2294F7E9-958A-47CA-B012-18167580D81B}.Debug|x64.Build.0 = Debug|x64
		{2294F7E9-958A-47CA-B012-18167580D81B}.Debug|x86.ActiveCfg = Debug|Win32
		{2294F7E9-958A-47CA-B012-18167580D81B}.Debug|x86.Build.0 = Debug|Win32
		{2294F7E9-958A-47CA-B012-18167580D81B}.Release|x64.ActiveCfg = Release|x64
		{2294F7E9-958A-47CA-B012-18167580D81B}.Release|x64.Build.0 = Release|x64
		{2294F7E9-958A-47CA-B012-18167580D81B}.Release|x86.ActiveCfg = Release|Win32
		{2294F7E9-958A-47CA-B012-18167580D81B}.Release|x86.Build.0 = Release|Win32
		{ADED2104-7082-447B-8213-58DFF590A5B8}.Debug|x64.ActiveCfg = Debug|x64
		{ADED2104-7082-447B-8213-58DFF590A5B8}.Debug|x64.Build.0 = Debug|x64
		{ADED2104-7082-447B-8213-58DFF590A5B8}.Debug|x86.ActiveCfg = Debug|Win32
		{ADED2104-7082-447B-8213-58DFF590A5B8}.Debug|x86.Build.0 = Debug|Win32
		{ADED2104-7082-447B-8213-58DFF590A5B8}.Release|x64.ActiveCfg = Release|x64
		{ADED2104-7082-447B-8213-58DFF590A5B8}.Release|x64.Build.0 = Release|x64
		{ADED2104-7082-447B-8213-58DFF590A5B8}.Release|x86.ActiveCfg = Release|Win32
		{ADED2104-7082-447B-8213-58DFF590A5B8}.Release|x86.Build.0 = Release|Win32
		{B89BA306-C5BD-498E-9852-0B28ED011425}.Debug|x64.ActiveCfg = Debug|x64
		{B89BA306-C5BD-498E-9852-0B28ED011425}.Debug|x64.Build.0 = Debug|x64
		{B89BA306-C5BD-498E-9852-0B28ED011425}.Debug|x86.ActiveCfg = Debug|Win32
		{B89BA306-C5BD-498E-9852-0B28ED011425}.Debug|x86.Build.0 = Debug|Win32
		{B89BA306-C5BD-498E-9852-0B28ED011425}.Release|x64.ActiveCfg = Release|x64
		{B89BA306-C5BD-498E-9852-0B28ED011425}.Release|x64.Build.0 = Release|x64
		{B89BA306-C5BD-498E-9852-0B28ED011425}.Release|x86.ActiveCfg = Release|Win32
		{B89BA306-C5BD-498E-9852-0B28ED011425}.Release|x86.Build.0 = Release|Win32
	EndGlobalSection
	GlobalSection(SolutionProperties) = preSolution
		HideSolutionNode = FALSE
	EndGlobalSection
	GlobalSection(ExtensibilityGlobals) = postSolution
		SolutionGuid = {EB4272F7-3DFA-4856-8B70-94F1CA5A38A3}
	EndGlobalSection
EndGlobal
