
Microsoft Visual Studio Solution File, Format Version 12.00
# Visual Studio 15
VisualStudioVersion = 15.0.28307.329
MinimumVisualStudioVersion = 10.0.40219.1
Project("{8BC9CEB8-8B4A-11D0-8D11-00A0C91BC942}") = "Program-1", "Program-1\Program-1.vcxproj", "{5A701C58-DC7B-4BC4-979A-0AA10385C2C6}"
EndProject
Project("{8BC9CEB8-8B4A-11D0-8D11-00A0C91BC942}") = "Program-2", "Program-2\Program-2.vcxproj", "{ADFDA384-BB34-488C-A554-0615E01FD016}"
EndProject
Project("{8BC9CEB8-8B4A-11D0-8D11-00A0C91BC942}") = "Program-4", "Program-4\Program-4.vcxproj", "{6076AECB-56AC-4F28-A655-A5D7781D25AF}"
EndProject
Project("{8BC9CEB8-8B4A-11D0-8D11-00A0C91BC942}") = "Program-9", "Program-9\Program-9.vcxproj", "{540927AF-08C5-4C17-A6A1-5DF6F0C39C15}"
EndProject
Project("{8BC9CEB8-8B4A-11D0-8D11-00A0C91BC942}") = "Program-3", "Program-3\Program-3.vcxproj", "{FD734E7C-45DB-4848-A8FE-F6496741D75E}"
EndProject
Project("{8BC9CEB8-8B4A-11D0-8D11-00A0C91BC942}") = "Program-5", "Program-5\Program-5.vcxproj", "{2EFF26BA-9EA7-4ED5-9EBD-F0A63BA9623A}"
EndProject
Project("{8BC9CEB8-8B4A-11D0-8D11-00A0C91BC942}") = "Program-6", "Program-6\Program-6.vcxproj", "{F8534559-F645-4BBB-B33A-FD21592FD7A5}"
EndProject
Project("{8BC9CEB8-8B4A-11D0-8D11-00A0C91BC942}") = "Program-7", "Program-7\Program-7.vcxproj", "{F643A146-B34C-471C-9408-89624D189056}"
EndProject
Global
	GlobalSection(SolutionConfigurationPlatforms) = preSolution
		Debug|x64 = Debug|x64
		Debug|x86 = Debug|x86
		Release|x64 = Release|x64
		Release|x86 = Release|x86
	EndGlobalSection
	GlobalSection(ProjectConfigurationPlatforms) = postSolution
		{5A701C58-DC7B-4BC4-979A-0AA10385C2C6}.Debug|x64.ActiveCfg = Debug|x64
		{5A701C58-DC7B-4BC4-979A-0AA10385C2C6}.Debug|x64.Build.0 = Debug|x64
		{5A701C58-DC7B-4BC4-979A-0AA10385C2C6}.Debug|x86.ActiveCfg = Debug|Win32
		{5A701C58-DC7B-4BC4-979A-0AA10385C2C6}.Debug|x86.Build.0 = Debug|Win32
		{5A701C58-DC7B-4BC4-979A-0AA10385C2C6}.Release|x64.ActiveCfg = Release|x64
		{5A701C58-DC7B-4BC4-979A-0AA10385C2C6}.Release|x64.Build.0 = Release|x64
		{5A701C58-DC7B-4BC4-979A-0AA10385C2C6}.Release|x86.ActiveCfg = Release|Win32
		{5A701C58-DC7B-4BC4-979A-0AA10385C2C6}.Release|x86.Build.0 = Release|Win32
		{ADFDA384-BB34-488C-A554-0615E01FD016}.Debug|x64.ActiveCfg = Debug|x64
		{ADFDA384-BB34-488C-A554-0615E01FD016}.Debug|x64.Build.0 = Debug|x64
		{ADFDA384-BB34-488C-A554-0615E01FD016}.Debug|x86.ActiveCfg = Debug|Win32
		{ADFDA384-BB34-488C-A554-0615E01FD016}.Debug|x86.Build.0 = Debug|Win32
		{ADFDA384-BB34-488C-A554-0615E01FD016}.Release|x64.ActiveCfg = Release|x64
		{ADFDA384-BB34-488C-A554-0615E01FD016}.Release|x64.Build.0 = Release|x64
		{ADFDA384-BB34-488C-A554-0615E01FD016}.Release|x86.ActiveCfg = Release|Win32
		{ADFDA384-BB34-488C-A554-0615E01FD016}.Release|x86.Build.0 = Release|Win32
		{6076AECB-56AC-4F28-A655-A5D7781D25AF}.Debug|x64.ActiveCfg = Debug|x64
		{6076AECB-56AC-4F28-A655-A5D7781D25AF}.Debug|x64.Build.0 = Debug|x64
		{6076AECB-56AC-4F28-A655-A5D7781D25AF}.Debug|x86.ActiveCfg = Debug|Win32
		{6076AECB-56AC-4F28-A655-A5D7781D25AF}.Debug|x86.Build.0 = Debug|Win32
		{6076AECB-56AC-4F28-A655-A5D7781D25AF}.Release|x64.ActiveCfg = Release|x64
		{6076AECB-56AC-4F28-A655-A5D7781D25AF}.Release|x64.Build.0 = Release|x64
		{6076AECB-56AC-4F28-A655-A5D7781D25AF}.Release|x86.ActiveCfg = Release|Win32
		{6076AECB-56AC-4F28-A655-A5D7781D25AF}.Release|x86.Build.0 = Release|Win32
		{540927AF-08C5-4C17-A6A1-5DF6F0C39C15}.Debug|x64.ActiveCfg = Debug|x64
		{540927AF-08C5-4C17-A6A1-5DF6F0C39C15}.Debug|x64.Build.0 = Debug|x64
		{540927AF-08C5-4C17-A6A1-5DF6F0C39C15}.Debug|x86.ActiveCfg = Debug|Win32
		{540927AF-08C5-4C17-A6A1-5DF6F0C39C15}.Debug|x86.Build.0 = Debug|Win32
		{540927AF-08C5-4C17-A6A1-5DF6F0C39C15}.Release|x64.ActiveCfg = Release|x64
		{540927AF-08C5-4C17-A6A1-5DF6F0C39C15}.Release|x64.Build.0 = Release|x64
		{540927AF-08C5-4C17-A6A1-5DF6F0C39C15}.Release|x86.ActiveCfg = Release|Win32
		{540927AF-08C5-4C17-A6A1-5DF6F0C39C15}.Release|x86.Build.0 = Release|Win32
		{FD734E7C-45DB-4848-A8FE-F6496741D75E}.Debug|x64.ActiveCfg = Debug|x64
		{FD734E7C-45DB-4848-A8FE-F6496741D75E}.Debug|x64.Build.0 = Debug|x64
		{FD734E7C-45DB-4848-A8FE-F6496741D75E}.Debug|x86.ActiveCfg = Debug|Win32
		{FD734E7C-45DB-4848-A8FE-F6496741D75E}.Debug|x86.Build.0 = Debug|Win32
		{FD734E7C-45DB-4848-A8FE-F6496741D75E}.Release|x64.ActiveCfg = Release|x64
		{FD734E7C-45DB-4848-A8FE-F6496741D75E}.Release|x64.Build.0 = Release|x64
		{FD734E7C-45DB-4848-A8FE-F6496741D75E}.Release|x86.ActiveCfg = Release|Win32
		{FD734E7C-45DB-4848-A8FE-F6496741D75E}.Release|x86.Build.0 = Release|Win32
		{2EFF26BA-9EA7-4ED5-9EBD-F0A63BA9623A}.Debug|x64.ActiveCfg = Debug|x64
		{2EFF26BA-9EA7-4ED5-9EBD-F0A63BA9623A}.Debug|x64.Build.0 = Debug|x64
		{2EFF26BA-9EA7-4ED5-9EBD-F0A63BA9623A}.Debug|x86.ActiveCfg = Debug|Win32
		{2EFF26BA-9EA7-4ED5-9EBD-F0A63BA9623A}.Debug|x86.Build.0 = Debug|Win32
		{2EFF26BA-9EA7-4ED5-9EBD-F0A63BA9623A}.Release|x64.ActiveCfg = Release|x64
		{2EFF26BA-9EA7-4ED5-9EBD-F0A63BA9623A}.Release|x64.Build.0 = Release|x64
		{2EFF26BA-9EA7-4ED5-9EBD-F0A63BA9623A}.Release|x86.ActiveCfg = Release|Win32
		{2EFF26BA-9EA7-4ED5-9EBD-F0A63BA9623A}.Release|x86.Build.0 = Release|Win32
		{F8534559-F645-4BBB-B33A-FD21592FD7A5}.Debug|x64.ActiveCfg = Debug|x64
		{F8534559-F645-4BBB-B33A-FD21592FD7A5}.Debug|x64.Build.0 = Debug|x64
		{F8534559-F645-4BBB-B33A-FD21592FD7A5}.Debug|x86.ActiveCfg = Debug|Win32
		{F8534559-F645-4BBB-B33A-FD21592FD7A5}.Debug|x86.Build.0 = Debug|Win32
		{F8534559-F645-4BBB-B33A-FD21592FD7A5}.Release|x64.ActiveCfg = Release|x64
		{F8534559-F645-4BBB-B33A-FD21592FD7A5}.Release|x64.Build.0 = Release|x64
		{F8534559-F645-4BBB-B33A-FD21592FD7A5}.Release|x86.ActiveCfg = Release|Win32
		{F8534559-F645-4BBB-B33A-FD21592FD7A5}.Release|x86.Build.0 = Release|Win32
		{F643A146-B34C-471C-9408-89624D189056}.Debug|x64.ActiveCfg = Debug|x64
		{F643A146-B34C-471C-9408-89624D189056}.Debug|x64.Build.0 = Debug|x64
		{F643A146-B34C-471C-9408-89624D189056}.Debug|x86.ActiveCfg = Debug|Win32
		{F643A146-B34C-471C-9408-89624D189056}.Debug|x86.Build.0 = Debug|Win32
		{F643A146-B34C-471C-9408-89624D189056}.Release|x64.ActiveCfg = Release|x64
		{F643A146-B34C-471C-9408-89624D189056}.Release|x64.Build.0 = Release|x64
		{F643A146-B34C-471C-9408-89624D189056}.Release|x86.ActiveCfg = Release|Win32
		{F643A146-B34C-471C-9408-89624D189056}.Release|x86.Build.0 = Release|Win32
	EndGlobalSection
	GlobalSection(SolutionProperties) = preSolution
		HideSolutionNode = FALSE
	EndGlobalSection
	GlobalSection(ExtensibilityGlobals) = postSolution
		SolutionGuid = {64FE85D4-E13A-428B-90F4-E992A59B8030}
	EndGlobalSection
EndGlobal
