
Microsoft Visual Studio Solution File, Format Version 12.00
# Visual Studio 15
VisualStudioVersion = 15.0.28307.329
MinimumVisualStudioVersion = 10.0.40219.1
Project("{8BC9CEB8-8B4A-11D0-8D11-00A0C91BC942}") = "Program-1(Conversions)", "WIPractice\WIPractice.vcxproj", "{1B97E6B0-8114-44A5-81A6-74DBF8456073}"
EndProject
Project("{8BC9CEB8-8B4A-11D0-8D11-00A0C91BC942}") = "TestDummt", "TestDummt\TestDummt.vcxproj", "{2030BED2-670E-4C6D-8896-D4D3ED0B3A00}"
EndProject
Project("{8BC9CEB8-8B4A-11D0-8D11-00A0C91BC942}") = "Program-2(CommandLineArguments)", "CommandLineArguments\CommandLineArguments.vcxproj", "{031690F6-7352-4EC5-B3C5-D906345EE2D7}"
EndProject
Project("{8BC9CEB8-8B4A-11D0-8D11-00A0C91BC942}") = "Program-3(EnvironmentStrings)", "Program-3(EnvironmentStrings)\Program-3(EnvironmentStrings).vcxproj", "{7816B787-7AB6-41E3-AA31-B422F4FC903E}"
EndProject
Project("{8BC9CEB8-8B4A-11D0-8D11-00A0C91BC942}") = "Program-4(OpenFile)", "Program-4(OpenFile)\Program-4(OpenFile).vcxproj", "{AF225A54-FA54-4F83-8AF4-ECC3E27D8EC1}"
EndProject
Project("{8BC9CEB8-8B4A-11D0-8D11-00A0C91BC942}") = "Program-5(CreateFile)", "Program-5(CreateFile)\Program-5(CreateFile).vcxproj", "{56329CCB-0407-4082-A72D-C81CB01B2212}"
EndProject
Project("{8BC9CEB8-8B4A-11D0-8D11-00A0C91BC942}") = "Program-8(Events)", "Program-8(Events)\Program-8(Events).vcxproj", "{66E2CB4A-0AF4-4619-984C-433C04FC187F}"
EndProject
Project("{8BC9CEB8-8B4A-11D0-8D11-00A0C91BC942}") = "Program-6(CreateProcess)", "Program-6(CreateProcess)\Program-6(CreateProcess).vcxproj", "{7243D03F-E417-4F7A-81CA-0ADE0CC4BC34}"
EndProject
Project("{8BC9CEB8-8B4A-11D0-8D11-00A0C91BC942}") = "Program-7(Create2ChildProcesses)", "Program-7(Create2ChildProcesses)\Program-7(Create2ChildProcesses).vcxproj", "{655D247A-6D16-40A2-B2B8-3C6F6806A70F}"
EndProject
Project("{8BC9CEB8-8B4A-11D0-8D11-00A0C91BC942}") = "Program-9,12(Threads)", "Program-9(Threads)\Program-9(Threads).vcxproj", "{31068232-1865-44E8-8E2A-05DF7E0BFC4C}"
EndProject
Project("{8BC9CEB8-8B4A-11D0-8D11-00A0C91BC942}") = "Program-13(SuspendThread)", "Program-13(SuspendThread)\Program-13(SuspendThread).vcxproj", "{51134F4E-5C1B-4B68-89C2-ABCDC1F7501A}"
EndProject
Project("{8BC9CEB8-8B4A-11D0-8D11-00A0C91BC942}") = "Program-14(ExitThread)", "Program-14(ExitThread)\Program-14(ExitThread).vcxproj", "{96FDB363-7411-4173-B52F-60857A637D0F}"
EndProject
Project("{8BC9CEB8-8B4A-11D0-8D11-00A0C91BC942}") = "Program-15(TerminateThread)", "Program-15(TerminateThread)\Program-15(TerminateThread).vcxproj", "{B51ABA3A-3350-4F15-8CB8-8195810893C9}"
EndProject
Project("{8BC9CEB8-8B4A-11D0-8D11-00A0C91BC942}") = "Program-16(Priority)", "Program-16(Priority)\Program-16(Priority).vcxproj", "{1A9A74F7-8969-4A5F-B43A-892706A871A1}"
EndProject
Project("{8BC9CEB8-8B4A-11D0-8D11-00A0C91BC942}") = "Program-10(HandleInheritance)", "Program-10(HandleInheritance)\Program-10(HandleInheritance).vcxproj", "{6338B618-BDC2-451B-864B-2B1C3ACF9B9A}"
EndProject
Project("{8BC9CEB8-8B4A-11D0-8D11-00A0C91BC942}") = "Program-17(SharedInteger)", "Program-17(SharedInteger)\Program-17(SharedInteger).vcxproj", "{3C4A5EC0-B2A8-4B1D-9406-2A926183FA62}"
EndProject
Global
	GlobalSection(SolutionConfigurationPlatforms) = preSolution
		Debug|x64 = Debug|x64
		Debug|x86 = Debug|x86
		Release|x64 = Release|x64
		Release|x86 = Release|x86
	EndGlobalSection
	GlobalSection(ProjectConfigurationPlatforms) = postSolution
		{1B97E6B0-8114-44A5-81A6-74DBF8456073}.Debug|x64.ActiveCfg = Debug|x64
		{1B97E6B0-8114-44A5-81A6-74DBF8456073}.Debug|x64.Build.0 = Debug|x64
		{1B97E6B0-8114-44A5-81A6-74DBF8456073}.Debug|x86.ActiveCfg = Debug|Win32
		{1B97E6B0-8114-44A5-81A6-74DBF8456073}.Debug|x86.Build.0 = Debug|Win32
		{1B97E6B0-8114-44A5-81A6-74DBF8456073}.Release|x64.ActiveCfg = Release|x64
		{1B97E6B0-8114-44A5-81A6-74DBF8456073}.Release|x64.Build.0 = Release|x64
		{1B97E6B0-8114-44A5-81A6-74DBF8456073}.Release|x86.ActiveCfg = Release|Win32
		{1B97E6B0-8114-44A5-81A6-74DBF8456073}.Release|x86.Build.0 = Release|Win32
		{2030BED2-670E-4C6D-8896-D4D3ED0B3A00}.Debug|x64.ActiveCfg = Debug|x64
		{2030BED2-670E-4C6D-8896-D4D3ED0B3A00}.Debug|x64.Build.0 = Debug|x64
		{2030BED2-670E-4C6D-8896-D4D3ED0B3A00}.Debug|x86.ActiveCfg = Debug|Win32
		{2030BED2-670E-4C6D-8896-D4D3ED0B3A00}.Debug|x86.Build.0 = Debug|Win32
		{2030BED2-670E-4C6D-8896-D4D3ED0B3A00}.Release|x64.ActiveCfg = Release|x64
		{2030BED2-670E-4C6D-8896-D4D3ED0B3A00}.Release|x64.Build.0 = Release|x64
		{2030BED2-670E-4C6D-8896-D4D3ED0B3A00}.Release|x86.ActiveCfg = Release|Win32
		{2030BED2-670E-4C6D-8896-D4D3ED0B3A00}.Release|x86.Build.0 = Release|Win32
		{031690F6-7352-4EC5-B3C5-D906345EE2D7}.Debug|x64.ActiveCfg = Debug|x64
		{031690F6-7352-4EC5-B3C5-D906345EE2D7}.Debug|x64.Build.0 = Debug|x64
		{031690F6-7352-4EC5-B3C5-D906345EE2D7}.Debug|x86.ActiveCfg = Debug|Win32
		{031690F6-7352-4EC5-B3C5-D906345EE2D7}.Debug|x86.Build.0 = Debug|Win32
		{031690F6-7352-4EC5-B3C5-D906345EE2D7}.Release|x64.ActiveCfg = Release|x64
		{031690F6-7352-4EC5-B3C5-D906345EE2D7}.Release|x64.Build.0 = Release|x64
		{031690F6-7352-4EC5-B3C5-D906345EE2D7}.Release|x86.ActiveCfg = Release|Win32
		{031690F6-7352-4EC5-B3C5-D906345EE2D7}.Release|x86.Build.0 = Release|Win32
		{7816B787-7AB6-41E3-AA31-B422F4FC903E}.Debug|x64.ActiveCfg = Debug|x64
		{7816B787-7AB6-41E3-AA31-B422F4FC903E}.Debug|x64.Build.0 = Debug|x64
		{7816B787-7AB6-41E3-AA31-B422F4FC903E}.Debug|x86.ActiveCfg = Debug|Win32
		{7816B787-7AB6-41E3-AA31-B422F4FC903E}.Debug|x86.Build.0 = Debug|Win32
		{7816B787-7AB6-41E3-AA31-B422F4FC903E}.Release|x64.ActiveCfg = Release|x64
		{7816B787-7AB6-41E3-AA31-B422F4FC903E}.Release|x64.Build.0 = Release|x64
		{7816B787-7AB6-41E3-AA31-B422F4FC903E}.Release|x86.ActiveCfg = Release|Win32
		{7816B787-7AB6-41E3-AA31-B422F4FC903E}.Release|x86.Build.0 = Release|Win32
		{AF225A54-FA54-4F83-8AF4-ECC3E27D8EC1}.Debug|x64.ActiveCfg = Debug|x64
		{AF225A54-FA54-4F83-8AF4-ECC3E27D8EC1}.Debug|x64.Build.0 = Debug|x64
		{AF225A54-FA54-4F83-8AF4-ECC3E27D8EC1}.Debug|x86.ActiveCfg = Debug|Win32
		{AF225A54-FA54-4F83-8AF4-ECC3E27D8EC1}.Debug|x86.Build.0 = Debug|Win32
		{AF225A54-FA54-4F83-8AF4-ECC3E27D8EC1}.Release|x64.ActiveCfg = Release|x64
		{AF225A54-FA54-4F83-8AF4-ECC3E27D8EC1}.Release|x64.Build.0 = Release|x64
		{AF225A54-FA54-4F83-8AF4-ECC3E27D8EC1}.Release|x86.ActiveCfg = Release|Win32
		{AF225A54-FA54-4F83-8AF4-ECC3E27D8EC1}.Release|x86.Build.0 = Release|Win32
		{56329CCB-0407-4082-A72D-C81CB01B2212}.Debug|x64.ActiveCfg = Debug|x64
		{56329CCB-0407-4082-A72D-C81CB01B2212}.Debug|x64.Build.0 = Debug|x64
		{56329CCB-0407-4082-A72D-C81CB01B2212}.Debug|x86.ActiveCfg = Debug|Win32
		{56329CCB-0407-4082-A72D-C81CB01B2212}.Debug|x86.Build.0 = Debug|Win32
		{56329CCB-0407-4082-A72D-C81CB01B2212}.Release|x64.ActiveCfg = Release|x64
		{56329CCB-0407-4082-A72D-C81CB01B2212}.Release|x64.Build.0 = Release|x64
		{56329CCB-0407-4082-A72D-C81CB01B2212}.Release|x86.ActiveCfg = Release|Win32
		{56329CCB-0407-4082-A72D-C81CB01B2212}.Release|x86.Build.0 = Release|Win32
		{66E2CB4A-0AF4-4619-984C-433C04FC187F}.Debug|x64.ActiveCfg = Debug|x64
		{66E2CB4A-0AF4-4619-984C-433C04FC187F}.Debug|x64.Build.0 = Debug|x64
		{66E2CB4A-0AF4-4619-984C-433C04FC187F}.Debug|x86.ActiveCfg = Debug|Win32
		{66E2CB4A-0AF4-4619-984C-433C04FC187F}.Debug|x86.Build.0 = Debug|Win32
		{66E2CB4A-0AF4-4619-984C-433C04FC187F}.Release|x64.ActiveCfg = Release|x64
		{66E2CB4A-0AF4-4619-984C-433C04FC187F}.Release|x64.Build.0 = Release|x64
		{66E2CB4A-0AF4-4619-984C-433C04FC187F}.Release|x86.ActiveCfg = Release|Win32
		{66E2CB4A-0AF4-4619-984C-433C04FC187F}.Release|x86.Build.0 = Release|Win32
		{7243D03F-E417-4F7A-81CA-0ADE0CC4BC34}.Debug|x64.ActiveCfg = Debug|x64
		{7243D03F-E417-4F7A-81CA-0ADE0CC4BC34}.Debug|x64.Build.0 = Debug|x64
		{7243D03F-E417-4F7A-81CA-0ADE0CC4BC34}.Debug|x86.ActiveCfg = Debug|Win32
		{7243D03F-E417-4F7A-81CA-0ADE0CC4BC34}.Debug|x86.Build.0 = Debug|Win32
		{7243D03F-E417-4F7A-81CA-0ADE0CC4BC34}.Release|x64.ActiveCfg = Release|x64
		{7243D03F-E417-4F7A-81CA-0ADE0CC4BC34}.Release|x64.Build.0 = Release|x64
		{7243D03F-E417-4F7A-81CA-0ADE0CC4BC34}.Release|x86.ActiveCfg = Release|Win32
		{7243D03F-E417-4F7A-81CA-0ADE0CC4BC34}.Release|x86.Build.0 = Release|Win32
		{655D247A-6D16-40A2-B2B8-3C6F6806A70F}.Debug|x64.ActiveCfg = Debug|x64
		{655D247A-6D16-40A2-B2B8-3C6F6806A70F}.Debug|x64.Build.0 = Debug|x64
		{655D247A-6D16-40A2-B2B8-3C6F6806A70F}.Debug|x86.ActiveCfg = Debug|Win32
		{655D247A-6D16-40A2-B2B8-3C6F6806A70F}.Debug|x86.Build.0 = Debug|Win32
		{655D247A-6D16-40A2-B2B8-3C6F6806A70F}.Release|x64.ActiveCfg = Release|x64
		{655D247A-6D16-40A2-B2B8-3C6F6806A70F}.Release|x64.Build.0 = Release|x64
		{655D247A-6D16-40A2-B2B8-3C6F6806A70F}.Release|x86.ActiveCfg = Release|Win32
		{655D247A-6D16-40A2-B2B8-3C6F6806A70F}.Release|x86.Build.0 = Release|Win32
		{31068232-1865-44E8-8E2A-05DF7E0BFC4C}.Debug|x64.ActiveCfg = Debug|x64
		{31068232-1865-44E8-8E2A-05DF7E0BFC4C}.Debug|x64.Build.0 = Debug|x64
		{31068232-1865-44E8-8E2A-05DF7E0BFC4C}.Debug|x86.ActiveCfg = Debug|Win32
		{31068232-1865-44E8-8E2A-05DF7E0BFC4C}.Debug|x86.Build.0 = Debug|Win32
		{31068232-1865-44E8-8E2A-05DF7E0BFC4C}.Release|x64.ActiveCfg = Release|x64
		{31068232-1865-44E8-8E2A-05DF7E0BFC4C}.Release|x64.Build.0 = Release|x64
		{31068232-1865-44E8-8E2A-05DF7E0BFC4C}.Release|x86.ActiveCfg = Release|Win32
		{31068232-1865-44E8-8E2A-05DF7E0BFC4C}.Release|x86.Build.0 = Release|Win32
		{51134F4E-5C1B-4B68-89C2-ABCDC1F7501A}.Debug|x64.ActiveCfg = Debug|x64
		{51134F4E-5C1B-4B68-89C2-ABCDC1F7501A}.Debug|x64.Build.0 = Debug|x64
		{51134F4E-5C1B-4B68-89C2-ABCDC1F7501A}.Debug|x86.ActiveCfg = Debug|Win32
		{51134F4E-5C1B-4B68-89C2-ABCDC1F7501A}.Debug|x86.Build.0 = Debug|Win32
		{51134F4E-5C1B-4B68-89C2-ABCDC1F7501A}.Release|x64.ActiveCfg = Release|x64
		{51134F4E-5C1B-4B68-89C2-ABCDC1F7501A}.Release|x64.Build.0 = Release|x64
		{51134F4E-5C1B-4B68-89C2-ABCDC1F7501A}.Release|x86.ActiveCfg = Release|Win32
		{51134F4E-5C1B-4B68-89C2-ABCDC1F7501A}.Release|x86.Build.0 = Release|Win32
		{96FDB363-7411-4173-B52F-60857A637D0F}.Debug|x64.ActiveCfg = Debug|x64
		{96FDB363-7411-4173-B52F-60857A637D0F}.Debug|x64.Build.0 = Debug|x64
		{96FDB363-7411-4173-B52F-60857A637D0F}.Debug|x86.ActiveCfg = Debug|Win32
		{96FDB363-7411-4173-B52F-60857A637D0F}.Debug|x86.Build.0 = Debug|Win32
		{96FDB363-7411-4173-B52F-60857A637D0F}.Release|x64.ActiveCfg = Release|x64
		{96FDB363-7411-4173-B52F-60857A637D0F}.Release|x64.Build.0 = Release|x64
		{96FDB363-7411-4173-B52F-60857A637D0F}.Release|x86.ActiveCfg = Release|Win32
		{96FDB363-7411-4173-B52F-60857A637D0F}.Release|x86.Build.0 = Release|Win32
		{B51ABA3A-3350-4F15-8CB8-8195810893C9}.Debug|x64.ActiveCfg = Debug|x64
		{B51ABA3A-3350-4F15-8CB8-8195810893C9}.Debug|x64.Build.0 = Debug|x64
		{B51ABA3A-3350-4F15-8CB8-8195810893C9}.Debug|x86.ActiveCfg = Debug|Win32
		{B51ABA3A-3350-4F15-8CB8-8195810893C9}.Debug|x86.Build.0 = Debug|Win32
		{B51ABA3A-3350-4F15-8CB8-8195810893C9}.Release|x64.ActiveCfg = Release|x64
		{B51ABA3A-3350-4F15-8CB8-8195810893C9}.Release|x64.Build.0 = Release|x64
		{B51ABA3A-3350-4F15-8CB8-8195810893C9}.Release|x86.ActiveCfg = Release|Win32
		{B51ABA3A-3350-4F15-8CB8-8195810893C9}.Release|x86.Build.0 = Release|Win32
		{1A9A74F7-8969-4A5F-B43A-892706A871A1}.Debug|x64.ActiveCfg = Debug|x64
		{1A9A74F7-8969-4A5F-B43A-892706A871A1}.Debug|x64.Build.0 = Debug|x64
		{1A9A74F7-8969-4A5F-B43A-892706A871A1}.Debug|x86.ActiveCfg = Debug|Win32
		{1A9A74F7-8969-4A5F-B43A-892706A871A1}.Debug|x86.Build.0 = Debug|Win32
		{1A9A74F7-8969-4A5F-B43A-892706A871A1}.Release|x64.ActiveCfg = Release|x64
		{1A9A74F7-8969-4A5F-B43A-892706A871A1}.Release|x64.Build.0 = Release|x64
		{1A9A74F7-8969-4A5F-B43A-892706A871A1}.Release|x86.ActiveCfg = Release|Win32
		{1A9A74F7-8969-4A5F-B43A-892706A871A1}.Release|x86.Build.0 = Release|Win32
		{6338B618-BDC2-451B-864B-2B1C3ACF9B9A}.Debug|x64.ActiveCfg = Debug|x64
		{6338B618-BDC2-451B-864B-2B1C3ACF9B9A}.Debug|x64.Build.0 = Debug|x64
		{6338B618-BDC2-451B-864B-2B1C3ACF9B9A}.Debug|x86.ActiveCfg = Debug|Win32
		{6338B618-BDC2-451B-864B-2B1C3ACF9B9A}.Debug|x86.Build.0 = Debug|Win32
		{6338B618-BDC2-451B-864B-2B1C3ACF9B9A}.Release|x64.ActiveCfg = Release|x64
		{6338B618-BDC2-451B-864B-2B1C3ACF9B9A}.Release|x64.Build.0 = Release|x64
		{6338B618-BDC2-451B-864B-2B1C3ACF9B9A}.Release|x86.ActiveCfg = Release|Win32
		{6338B618-BDC2-451B-864B-2B1C3ACF9B9A}.Release|x86.Build.0 = Release|Win32
		{3C4A5EC0-B2A8-4B1D-9406-2A926183FA62}.Debug|x64.ActiveCfg = Debug|x64
		{3C4A5EC0-B2A8-4B1D-9406-2A926183FA62}.Debug|x64.Build.0 = Debug|x64
		{3C4A5EC0-B2A8-4B1D-9406-2A926183FA62}.Debug|x86.ActiveCfg = Debug|Win32
		{3C4A5EC0-B2A8-4B1D-9406-2A926183FA62}.Debug|x86.Build.0 = Debug|Win32
		{3C4A5EC0-B2A8-4B1D-9406-2A926183FA62}.Release|x64.ActiveCfg = Release|x64
		{3C4A5EC0-B2A8-4B1D-9406-2A926183FA62}.Release|x64.Build.0 = Release|x64
		{3C4A5EC0-B2A8-4B1D-9406-2A926183FA62}.Release|x86.ActiveCfg = Release|Win32
		{3C4A5EC0-B2A8-4B1D-9406-2A926183FA62}.Release|x86.Build.0 = Release|Win32
	EndGlobalSection
	GlobalSection(SolutionProperties) = preSolution
		HideSolutionNode = FALSE
	EndGlobalSection
	GlobalSection(ExtensibilityGlobals) = postSolution
		SolutionGuid = {9E4EB542-8222-4719-8AF1-040ACD4007DA}
	EndGlobalSection
EndGlobal
